// !$*UTF8*$!
{
	archiveVersion = 1;
	classes = {
	};
	objectVersion = 56;
	objects = {

/* Begin PBXBuildFile section */
		3E2629493A6F7B2365131BDD /* Only77AppApp.swift in Sources */ = {isa = PBXBuildFile; fileRef = 3E262AE9E60EE290E9CA2807 /* Only77AppApp.swift */; };
		3E2629929DDB82C094EAEF9E /* ContentView.swift in Sources */ = {isa = PBXBuildFile; fileRef = 3E262064C0DD2B9B3512816D /* ContentView.swift */; };
		6453A4792A3C01A40064C8C3 /* Assets.xcassets in Resources */ = {isa = PBXBuildFile; fileRef = 6453A4782A3C01A40064C8C3 /* Assets.xcassets */; };
		6453A47C2A3C01A40064C8C3 /* Preview Assets.xcassets in Resources */ = {isa = PBXBuildFile; fileRef = 6453A47B2A3C01A40064C8C3 /* Preview Assets.xcassets */; };
		6453A4862A3C01A40064C8C3 /* Only77AppTests.swift in Sources */ = {isa = PBXBuildFile; fileRef = 6453A4852A3C01A40064C8C3 /* Only77AppTests.swift */; };
		6453A4902A3C01A40064C8C3 /* Only77AppUITests.swift in Sources */ = {isa = PBXBuildFile; fileRef = 6453A48F2A3C01A40064C8C3 /* Only77AppUITests.swift */; };
		6453A4922A3C01A40064C8C3 /* Only77AppUITestsLaunchTests.swift in Sources */ = {isa = PBXBuildFile; fileRef = 6453A4912A3C01A40064C8C3 /* Only77AppUITestsLaunchTests.swift */; };
		645EC7A32A468B250069E3F7 /* APIManager.swift in Sources */ = {isa = PBXBuildFile; fileRef = 645EC7A22A468B250069E3F7 /* APIManager.swift */; };
		645EC7A52A46E77E0069E3F7 /* User.swift in Sources */ = {isa = PBXBuildFile; fileRef = 645EC7A42A46E77E0069E3F7 /* User.swift */; };
		645EC7A72A46EA2D0069E3F7 /* Response.swift in Sources */ = {isa = PBXBuildFile; fileRef = 645EC7A62A46EA2D0069E3F7 /* Response.swift */; };
		646E6E932A3C21E000910C34 /* CouplesAlbumView.swift in Sources */ = {isa = PBXBuildFile; fileRef = 646E6E922A3C21E000910C34 /* CouplesAlbumView.swift */; };
		646E6E952A3C226100910C34 /* WhispersView.swift in Sources */ = {isa = PBXBuildFile; fileRef = 646E6E942A3C226100910C34 /* WhispersView.swift */; };
		646E6E972A3C22CE00910C34 /* PlanView.swift in Sources */ = {isa = PBXBuildFile; fileRef = 646E6E962A3C22CE00910C34 /* PlanView.swift */; };
		646E6E992A3C22FD00910C34 /* MemorialDayView.swift in Sources */ = {isa = PBXBuildFile; fileRef = 646E6E982A3C22FD00910C34 /* MemorialDayView.swift */; };
		646E6E9D2A3C32D200910C34 /* Moya in Frameworks */ = {isa = PBXBuildFile; productRef = 646E6E9C2A3C32D200910C34 /* Moya */; };
		648C06AD2A3F3E1300FC6D5E /* LoginView.swift in Sources */ = {isa = PBXBuildFile; fileRef = 648C06AC2A3F3E1300FC6D5E /* LoginView.swift */; };
		648C06B02A3F401800FC6D5E /* CircleMenu in Frameworks */ = {isa = PBXBuildFile; productRef = 648C06AF2A3F401800FC6D5E /* CircleMenu */; };
		6496248B2A3D3CD500C49056 /* Theme.swift in Sources */ = {isa = PBXBuildFile; fileRef = 6496248A2A3D3CD500C49056 /* Theme.swift */; };
/* End PBXBuildFile section */

/* Begin PBXContainerItemProxy section */
		6453A4822A3C01A40064C8C3 /* PBXContainerItemProxy */ = {
			isa = PBXContainerItemProxy;
			containerPortal = 6453A4692A3C01A30064C8C3 /* Project object */;
			proxyType = 1;
			remoteGlobalIDString = 6453A4702A3C01A30064C8C3;
			remoteInfo = Only77App;
		};
		6453A48C2A3C01A40064C8C3 /* PBXContainerItemProxy */ = {
			isa = PBXContainerItemProxy;
			containerPortal = 6453A4692A3C01A30064C8C3 /* Project object */;
			proxyType = 1;
			remoteGlobalIDString = 6453A4702A3C01A30064C8C3;
			remoteInfo = Only77App;
		};
/* End PBXContainerItemProxy section */

/* Begin PBXFileReference section */
		3E262064C0DD2B9B3512816D /* ContentView.swift */ = {isa = PBXFileReference; fileEncoding = 4; lastKnownFileType = sourcecode.swift; path = ContentView.swift; sourceTree = "<group>"; };
		3E262AE9E60EE290E9CA2807 /* Only77AppApp.swift */ = {isa = PBXFileReference; fileEncoding = 4; lastKnownFileType = sourcecode.swift; path = Only77AppApp.swift; sourceTree = "<group>"; };
		6453A4712A3C01A30064C8C3 /* Only77App.app */ = {isa = PBXFileReference; explicitFileType = wrapper.application; includeInIndex = 0; path = Only77App.app; sourceTree = BUILT_PRODUCTS_DIR; };
		6453A4782A3C01A40064C8C3 /* Assets.xcassets */ = {isa = PBXFileReference; lastKnownFileType = folder.assetcatalog; path = Assets.xcassets; sourceTree = "<group>"; };
		6453A47B2A3C01A40064C8C3 /* Preview Assets.xcassets */ = {isa = PBXFileReference; lastKnownFileType = folder.assetcatalog; path = "Preview Assets.xcassets"; sourceTree = "<group>"; };
		6453A4812A3C01A40064C8C3 /* Only77AppTests.xctest */ = {isa = PBXFileReference; explicitFileType = wrapper.cfbundle; includeInIndex = 0; path = Only77AppTests.xctest; sourceTree = BUILT_PRODUCTS_DIR; };
		6453A4852A3C01A40064C8C3 /* Only77AppTests.swift */ = {isa = PBXFileReference; lastKnownFileType = sourcecode.swift; path = Only77AppTests.swift; sourceTree = "<group>"; };
		6453A48B2A3C01A40064C8C3 /* Only77AppUITests.xctest */ = {isa = PBXFileReference; explicitFileType = wrapper.cfbundle; includeInIndex = 0; path = Only77AppUITests.xctest; sourceTree = BUILT_PRODUCTS_DIR; };
		6453A48F2A3C01A40064C8C3 /* Only77AppUITests.swift */ = {isa = PBXFileReference; lastKnownFileType = sourcecode.swift; path = Only77AppUITests.swift; sourceTree = "<group>"; };
		6453A4912A3C01A40064C8C3 /* Only77AppUITestsLaunchTests.swift */ = {isa = PBXFileReference; lastKnownFileType = sourcecode.swift; path = Only77AppUITestsLaunchTests.swift; sourceTree = "<group>"; };
		645EC7A22A468B250069E3F7 /* APIManager.swift */ = {isa = PBXFileReference; lastKnownFileType = sourcecode.swift; path = APIManager.swift; sourceTree = "<group>"; };
		645EC7A42A46E77E0069E3F7 /* User.swift */ = {isa = PBXFileReference; lastKnownFileType = sourcecode.swift; path = User.swift; sourceTree = "<group>"; };
		645EC7A62A46EA2D0069E3F7 /* Response.swift */ = {isa = PBXFileReference; lastKnownFileType = sourcecode.swift; path = Response.swift; sourceTree = "<group>"; };
		646E6E922A3C21E000910C34 /* CouplesAlbumView.swift */ = {isa = PBXFileReference; lastKnownFileType = sourcecode.swift; path = CouplesAlbumView.swift; sourceTree = "<group>"; };
		646E6E942A3C226100910C34 /* WhispersView.swift */ = {isa = PBXFileReference; lastKnownFileType = sourcecode.swift; path = WhispersView.swift; sourceTree = "<group>"; };
		646E6E962A3C22CE00910C34 /* PlanView.swift */ = {isa = PBXFileReference; lastKnownFileType = sourcecode.swift; path = PlanView.swift; sourceTree = "<group>"; };
		646E6E982A3C22FD00910C34 /* MemorialDayView.swift */ = {isa = PBXFileReference; lastKnownFileType = sourcecode.swift; path = MemorialDayView.swift; sourceTree = "<group>"; };
		648C06AC2A3F3E1300FC6D5E /* LoginView.swift */ = {isa = PBXFileReference; lastKnownFileType = sourcecode.swift; path = LoginView.swift; sourceTree = "<group>"; };
		6496248A2A3D3CD500C49056 /* Theme.swift */ = {isa = PBXFileReference; lastKnownFileType = sourcecode.swift; path = Theme.swift; sourceTree = "<group>"; };
/* End PBXFileReference section */

/* Begin PBXFrameworksBuildPhase section */
		6453A46E2A3C01A30064C8C3 /* Frameworks */ = {
			isa = PBXFrameworksBuildPhase;
			buildActionMask = 2147483647;
			files = (
				646E6E9D2A3C32D200910C34 /* Moya in Frameworks */,
				648C06B02A3F401800FC6D5E /* CircleMenu in Frameworks */,
			);
			runOnlyForDeploymentPostprocessing = 0;
		};
		6453A47E2A3C01A40064C8C3 /* Frameworks */ = {
			isa = PBXFrameworksBuildPhase;
			buildActionMask = 2147483647;
			files = (
			);
			runOnlyForDeploymentPostprocessing = 0;
		};
		6453A4882A3C01A40064C8C3 /* Frameworks */ = {
			isa = PBXFrameworksBuildPhase;
			buildActionMask = 2147483647;
			files = (
			);
			runOnlyForDeploymentPostprocessing = 0;
		};
/* End PBXFrameworksBuildPhase section */

/* Begin PBXGroup section */
		3E2626ED21B388DFAA58E6D1 /* Views */ = {
			isa = PBXGroup;
			children = (
				3E262064C0DD2B9B3512816D /* ContentView.swift */,
				3E262AE9E60EE290E9CA2807 /* Only77AppApp.swift */,
				646E6E922A3C21E000910C34 /* CouplesAlbumView.swift */,
				646E6E942A3C226100910C34 /* WhispersView.swift */,
				646E6E962A3C22CE00910C34 /* PlanView.swift */,
				646E6E982A3C22FD00910C34 /* MemorialDayView.swift */,
				648C06AC2A3F3E1300FC6D5E /* LoginView.swift */,
			);
			path = Views;
			sourceTree = "<group>";
		};
		6453A4682A3C01A30064C8C3 = {
			isa = PBXGroup;
			children = (
				6453A4732A3C01A30064C8C3 /* Only77App */,
				6453A4842A3C01A40064C8C3 /* Only77AppTests */,
				6453A48E2A3C01A40064C8C3 /* Only77AppUITests */,
				6453A4722A3C01A30064C8C3 /* Products */,
			);
			sourceTree = "<group>";
			usesTabs = 0;
		};
		6453A4722A3C01A30064C8C3 /* Products */ = {
			isa = PBXGroup;
			children = (
				6453A4712A3C01A30064C8C3 /* Only77App.app */,
				6453A4812A3C01A40064C8C3 /* Only77AppTests.xctest */,
				6453A48B2A3C01A40064C8C3 /* Only77AppUITests.xctest */,
			);
			name = Products;
			sourceTree = "<group>";
		};
		6453A4732A3C01A30064C8C3 /* Only77App */ = {
			isa = PBXGroup;
			children = (
				646E6E9A2A3C230200910C34 /* Moldes */,
				6453A4782A3C01A40064C8C3 /* Assets.xcassets */,
				6453A47A2A3C01A40064C8C3 /* Preview Content */,
				3E2626ED21B388DFAA58E6D1 /* Views */,
				6496248A2A3D3CD500C49056 /* Theme.swift */,
				645EC7A22A468B250069E3F7 /* APIManager.swift */,
			);
			path = Only77App;
			sourceTree = "<group>";
		};
		6453A47A2A3C01A40064C8C3 /* Preview Content */ = {
			isa = PBXGroup;
			children = (
				6453A47B2A3C01A40064C8C3 /* Preview Assets.xcassets */,
			);
			path = "Preview Content";
			sourceTree = "<group>";
		};
		6453A4842A3C01A40064C8C3 /* Only77AppTests */ = {
			isa = PBXGroup;
			children = (
				6453A4852A3C01A40064C8C3 /* Only77AppTests.swift */,
			);
			path = Only77AppTests;
			sourceTree = "<group>";
		};
		6453A48E2A3C01A40064C8C3 /* Only77AppUITests */ = {
			isa = PBXGroup;
			children = (
				6453A48F2A3C01A40064C8C3 /* Only77AppUITests.swift */,
				6453A4912A3C01A40064C8C3 /* Only77AppUITestsLaunchTests.swift */,
			);
			path = Only77AppUITests;
			sourceTree = "<group>";
		};
		646E6E9A2A3C230200910C34 /* Moldes */ = {
			isa = PBXGroup;
			children = (
				645EC7A42A46E77E0069E3F7 /* User.swift */,
				645EC7A62A46EA2D0069E3F7 /* Response.swift */,
			);
			path = Moldes;
			sourceTree = "<group>";
		};
/* End PBXGroup section */

/* Begin PBXNativeTarget section */
		6453A4702A3C01A30064C8C3 /* Only77App */ = {
			isa = PBXNativeTarget;
			buildConfigurationList = 6453A4952A3C01A40064C8C3 /* Build configuration list for PBXNativeTarget "Only77App" */;
			buildPhases = (
				6453A46D2A3C01A30064C8C3 /* Sources */,
				6453A46E2A3C01A30064C8C3 /* Frameworks */,
				6453A46F2A3C01A30064C8C3 /* Resources */,
			);
			buildRules = (
			);
			dependencies = (
			);
			name = Only77App;
			packageProductDependencies = (
				646E6E9C2A3C32D200910C34 /* Moya */,
				648C06AF2A3F401800FC6D5E /* CircleMenu */,
			);
			productName = Only77App;
			productReference = 6453A4712A3C01A30064C8C3 /* Only77App.app */;
			productType = "com.apple.product-type.application";
		};
		6453A4802A3C01A40064C8C3 /* Only77AppTests */ = {
			isa = PBXNativeTarget;
			buildConfigurationList = 6453A4982A3C01A40064C8C3 /* Build configuration list for PBXNativeTarget "Only77AppTests" */;
			buildPhases = (
				6453A47D2A3C01A40064C8C3 /* Sources */,
				6453A47E2A3C01A40064C8C3 /* Frameworks */,
				6453A47F2A3C01A40064C8C3 /* Resources */,
			);
			buildRules = (
			);
			dependencies = (
				6453A4832A3C01A40064C8C3 /* PBXTargetDependency */,
			);
			name = Only77AppTests;
			productName = Only77AppTests;
			productReference = 6453A4812A3C01A40064C8C3 /* Only77AppTests.xctest */;
			productType = "com.apple.product-type.bundle.unit-test";
		};
		6453A48A2A3C01A40064C8C3 /* Only77AppUITests */ = {
			isa = PBXNativeTarget;
			buildConfigurationList = 6453A49B2A3C01A40064C8C3 /* Build configuration list for PBXNativeTarget "Only77AppUITests" */;
			buildPhases = (
				6453A4872A3C01A40064C8C3 /* Sources */,
				6453A4882A3C01A40064C8C3 /* Frameworks */,
				6453A4892A3C01A40064C8C3 /* Resources */,
			);
			buildRules = (
			);
			dependencies = (
				6453A48D2A3C01A40064C8C3 /* PBXTargetDependency */,
			);
			name = Only77AppUITests;
			productName = Only77AppUITests;
			productReference = 6453A48B2A3C01A40064C8C3 /* Only77AppUITests.xctest */;
			productType = "com.apple.product-type.bundle.ui-testing";
		};
/* End PBXNativeTarget section */

/* Begin PBXProject section */
		6453A4692A3C01A30064C8C3 /* Project object */ = {
			isa = PBXProject;
			attributes = {
				BuildIndependentTargetsInParallel = 1;
				LastSwiftUpdateCheck = 1430;
				LastUpgradeCheck = 1430;
				TargetAttributes = {
					6453A4702A3C01A30064C8C3 = {
						CreatedOnToolsVersion = 14.3;
					};
					6453A4802A3C01A40064C8C3 = {
						CreatedOnToolsVersion = 14.3;
						TestTargetID = 6453A4702A3C01A30064C8C3;
					};
					6453A48A2A3C01A40064C8C3 = {
						CreatedOnToolsVersion = 14.3;
						TestTargetID = 6453A4702A3C01A30064C8C3;
					};
				};
			};
			buildConfigurationList = 6453A46C2A3C01A30064C8C3 /* Build configuration list for PBXProject "Only77App" */;
			compatibilityVersion = "Xcode 14.0";
			developmentRegion = en;
			hasScannedForEncodings = 0;
			knownRegions = (
				en,
				Base,
			);
			mainGroup = 6453A4682A3C01A30064C8C3;
			packageReferences = (
				646E6E9B2A3C32D200910C34 /* XCRemoteSwiftPackageReference "Moya" */,
				648C06AE2A3F401800FC6D5E /* XCRemoteSwiftPackageReference "circle-menu" */,
			);
			productRefGroup = 6453A4722A3C01A30064C8C3 /* Products */;
			projectDirPath = "";
			projectRoot = "";
			targets = (
				6453A4702A3C01A30064C8C3 /* Only77App */,
				6453A4802A3C01A40064C8C3 /* Only77AppTests */,
				6453A48A2A3C01A40064C8C3 /* Only77AppUITests */,
			);
		};
/* End PBXProject section */

/* Begin PBXResourcesBuildPhase section */
		6453A46F2A3C01A30064C8C3 /* Resources */ = {
			isa = PBXResourcesBuildPhase;
			buildActionMask = 2147483647;
			files = (
				6453A47C2A3C01A40064C8C3 /* Preview Assets.xcassets in Resources */,
				6453A4792A3C01A40064C8C3 /* Assets.xcassets in Resources */,
			);
			runOnlyForDeploymentPostprocessing = 0;
		};
		6453A47F2A3C01A40064C8C3 /* Resources */ = {
			isa = PBXResourcesBuildPhase;
			buildActionMask = 2147483647;
			files = (
			);
			runOnlyForDeploymentPostprocessing = 0;
		};
		6453A4892A3C01A40064C8C3 /* Resources */ = {
			isa = PBXResourcesBuildPhase;
			buildActionMask = 2147483647;
			files = (
			);
			runOnlyForDeploymentPostprocessing = 0;
		};
/* End PBXResourcesBuildPhase section */

/* Begin PBXSourcesBuildPhase section */
		6453A46D2A3C01A30064C8C3 /* Sources */ = {
			isa = PBXSourcesBuildPhase;
			buildActionMask = 2147483647;
			files = (
				3E2629929DDB82C094EAEF9E /* ContentView.swift in Sources */,
				646E6E992A3C22FD00910C34 /* MemorialDayView.swift in Sources */,
				646E6E952A3C226100910C34 /* WhispersView.swift in Sources */,
				3E2629493A6F7B2365131BDD /* Only77AppApp.swift in Sources */,
				646E6E932A3C21E000910C34 /* CouplesAlbumView.swift in Sources */,
				646E6E972A3C22CE00910C34 /* PlanView.swift in Sources */,
				6496248B2A3D3CD500C49056 /* Theme.swift in Sources */,
				645EC7A72A46EA2D0069E3F7 /* Response.swift in Sources */,
				645EC7A32A468B250069E3F7 /* APIManager.swift in Sources */,
				645EC7A52A46E77E0069E3F7 /* User.swift in Sources */,
				648C06AD2A3F3E1300FC6D5E /* LoginView.swift in Sources */,
			);
			runOnlyForDeploymentPostprocessing = 0;
		};
		6453A47D2A3C01A40064C8C3 /* Sources */ = {
			isa = PBXSourcesBuildPhase;
			buildActionMask = 2147483647;
			files = (
				6453A4862A3C01A40064C8C3 /* Only77AppTests.swift in Sources */,
			);
			runOnlyForDeploymentPostprocessing = 0;
		};
		6453A4872A3C01A40064C8C3 /* Sources */ = {
			isa = PBXSourcesBuildPhase;
			buildActionMask = 2147483647;
			files = (
				6453A4922A3C01A40064C8C3 /* Only77AppUITestsLaunchTests.swift in Sources */,
				6453A4902A3C01A40064C8C3 /* Only77AppUITests.swift in Sources */,
			);
			runOnlyForDeploymentPostprocessing = 0;
		};
/* End PBXSourcesBuildPhase section */

/* Begin PBXTargetDependency section */
		6453A4832A3C01A40064C8C3 /* PBXTargetDependency */ = {
			isa = PBXTargetDependency;
			target = 6453A4702A3C01A30064C8C3 /* Only77App */;
			targetProxy = 6453A4822A3C01A40064C8C3 /* PBXContainerItemProxy */;
		};
		6453A48D2A3C01A40064C8C3 /* PBXTargetDependency */ = {
			isa = PBXTargetDependency;
			target = 6453A4702A3C01A30064C8C3 /* Only77App */;
			targetProxy = 6453A48C2A3C01A40064C8C3 /* PBXContainerItemProxy */;
		};
/* End PBXTargetDependency section */

/* Begin XCBuildConfiguration section */
		6453A4932A3C01A40064C8C3 /* Debug */ = {
			isa = XCBuildConfiguration;
			buildSettings = {
				ALWAYS_SEARCH_USER_PATHS = NO;
				CLANG_ANALYZER_NONNULL = YES;
				CLANG_ANALYZER_NUMBER_OBJECT_CONVERSION = YES_AGGRESSIVE;
				CLANG_CXX_LANGUAGE_STANDARD = "gnu++20";
				CLANG_ENABLE_MODULES = YES;
				CLANG_ENABLE_OBJC_ARC = YES;
				CLANG_ENABLE_OBJC_WEAK = YES;
				CLANG_WARN_BLOCK_CAPTURE_AUTORELEASING = YES;
				CLANG_WARN_BOOL_CONVERSION = YES;
				CLANG_WARN_COMMA = YES;
				CLANG_WARN_CONSTANT_CONVERSION = YES;
				CLANG_WARN_DEPRECATED_OBJC_IMPLEMENTATIONS = YES;
				CLANG_WARN_DIRECT_OBJC_ISA_USAGE = YES_ERROR;
				CLANG_WARN_DOCUMENTATION_COMMENTS = YES;
				CLANG_WARN_EMPTY_BODY = YES;
				CLANG_WARN_ENUM_CONVERSION = YES;
				CLANG_WARN_INFINITE_RECURSION = YES;
				CLANG_WARN_INT_CONVERSION = YES;
				CLANG_WARN_NON_LITERAL_NULL_CONVERSION = YES;
				CLANG_WARN_OBJC_IMPLICIT_RETAIN_SELF = YES;
				CLANG_WARN_OBJC_LITERAL_CONVERSION = YES;
				CLANG_WARN_OBJC_ROOT_CLASS = YES_ERROR;
				CLANG_WARN_QUOTED_INCLUDE_IN_FRAMEWORK_HEADER = YES;
				CLANG_WARN_RANGE_LOOP_ANALYSIS = YES;
				CLANG_WARN_STRICT_PROTOTYPES = YES;
				CLANG_WARN_SUSPICIOUS_MOVE = YES;
				CLANG_WARN_UNGUARDED_AVAILABILITY = YES_AGGRESSIVE;
				CLANG_WARN_UNREACHABLE_CODE = YES;
				CLANG_WARN__DUPLICATE_METHOD_MATCH = YES;
				COPY_PHASE_STRIP = NO;
				DEBUG_INFORMATION_FORMAT = dwarf;
				ENABLE_STRICT_OBJC_MSGSEND = YES;
				ENABLE_TESTABILITY = YES;
				GCC_C_LANGUAGE_STANDARD = gnu11;
				GCC_DYNAMIC_NO_PIC = NO;
				GCC_NO_COMMON_BLOCKS = YES;
				GCC_OPTIMIZATION_LEVEL = 0;
				GCC_PREPROCESSOR_DEFINITIONS = (
					"DEBUG=1",
					"$(inherited)",
				);
				GCC_WARN_64_TO_32_BIT_CONVERSION = YES;
				GCC_WARN_ABOUT_RETURN_TYPE = YES_ERROR;
				GCC_WARN_UNDECLARED_SELECTOR = YES;
				GCC_WARN_UNINITIALIZED_AUTOS = YES_AGGRESSIVE;
				GCC_WARN_UNUSED_FUNCTION = YES;
				GCC_WARN_UNUSED_VARIABLE = YES;
				IPHONEOS_DEPLOYMENT_TARGET = 16.0;
				MTL_ENABLE_DEBUG_INFO = INCLUDE_SOURCE;
				MTL_FAST_MATH = YES;
				ONLY_ACTIVE_ARCH = YES;
				SDKROOT = iphoneos;
				SWIFT_ACTIVE_COMPILATION_CONDITIONS = DEBUG;
				SWIFT_OPTIMIZATION_LEVEL = "-Onone";
			};
			name = Debug;
		};
		6453A4942A3C01A40064C8C3 /* Release */ = {
			isa = XCBuildConfiguration;
			buildSettings = {
				ALWAYS_SEARCH_USER_PATHS = NO;
				CLANG_ANALYZER_NONNULL = YES;
				CLANG_ANALYZER_NUMBER_OBJECT_CONVERSION = YES_AGGRESSIVE;
				CLANG_CXX_LANGUAGE_STANDARD = "gnu++20";
				CLANG_ENABLE_MODULES = YES;
				CLANG_ENABLE_OBJC_ARC = YES;
				CLANG_ENABLE_OBJC_WEAK = YES;
				CLANG_WARN_BLOCK_CAPTURE_AUTORELEASING = YES;
				CLANG_WARN_BOOL_CONVERSION = YES;
				CLANG_WARN_COMMA = YES;
				CLANG_WARN_CONSTANT_CONVERSION = YES;
				CLANG_WARN_DEPRECATED_OBJC_IMPLEMENTATIONS = YES;
				CLANG_WARN_DIRECT_OBJC_ISA_USAGE = YES_ERROR;
				CLANG_WARN_DOCUMENTATION_COMMENTS = YES;
				CLANG_WARN_EMPTY_BODY = YES;
				CLANG_WARN_ENUM_CONVERSION = YES;
				CLANG_WARN_INFINITE_RECURSION = YES;
				CLANG_WARN_INT_CONVERSION = YES;
				CLANG_WARN_NON_LITERAL_NULL_CONVERSION = YES;
				CLANG_WARN_OBJC_IMPLICIT_RETAIN_SELF = YES;
				CLANG_WARN_OBJC_LITERAL_CONVERSION = YES;
				CLANG_WARN_OBJC_ROOT_CLASS = YES_ERROR;
				CLANG_WARN_QUOTED_INCLUDE_IN_FRAMEWORK_HEADER = YES;
				CLANG_WARN_RANGE_LOOP_ANALYSIS = YES;
				CLANG_WARN_STRICT_PROTOTYPES = YES;
				CLANG_WARN_SUSPICIOUS_MOVE = YES;
				CLANG_WARN_UNGUARDED_AVAILABILITY = YES_AGGRESSIVE;
				CLANG_WARN_UNREACHABLE_CODE = YES;
				CLANG_WARN__DUPLICATE_METHOD_MATCH = YES;
				COPY_PHASE_STRIP = NO;
				DEBUG_INFORMATION_FORMAT = "dwarf-with-dsym";
				ENABLE_NS_ASSERTIONS = NO;
				ENABLE_STRICT_OBJC_MSGSEND = YES;
				GCC_C_LANGUAGE_STANDARD = gnu11;
				GCC_NO_COMMON_BLOCKS = YES;
				GCC_WARN_64_TO_32_BIT_CONVERSION = YES;
				GCC_WARN_ABOUT_RETURN_TYPE = YES_ERROR;
				GCC_WARN_UNDECLARED_SELECTOR = YES;
				GCC_WARN_UNINITIALIZED_AUTOS = YES_AGGRESSIVE;
				GCC_WARN_UNUSED_FUNCTION = YES;
				GCC_WARN_UNUSED_VARIABLE = YES;
				IPHONEOS_DEPLOYMENT_TARGET = 16.0;
				MTL_ENABLE_DEBUG_INFO = NO;
				MTL_FAST_MATH = YES;
				SDKROOT = iphoneos;
				SWIFT_COMPILATION_MODE = wholemodule;
				SWIFT_OPTIMIZATION_LEVEL = "-O";
				VALIDATE_PRODUCT = YES;
			};
			name = Release;
		};
		6453A4962A3C01A40064C8C3 /* Debug */ = {
			isa = XCBuildConfiguration;
			buildSettings = {
				ASSETCATALOG_COMPILER_APPICON_NAME = AppIcon;
				ASSETCATALOG_COMPILER_GLOBAL_ACCENT_COLOR_NAME = AccentColor;
				CODE_SIGN_STYLE = Automatic;
				CURRENT_PROJECT_VERSION = 1;
				DEVELOPMENT_ASSET_PATHS = "\"Only77App/Preview Content\"";
				DEVELOPMENT_TEAM = DS925K5GK8;
				ENABLE_PREVIEWS = YES;
				GENERATE_INFOPLIST_FILE = YES;
				INFOPLIST_KEY_UIApplicationSceneManifest_Generation = YES;
				INFOPLIST_KEY_UIApplicationSupportsIndirectInputEvents = YES;
				INFOPLIST_KEY_UILaunchScreen_Generation = YES;
				INFOPLIST_KEY_UISupportedInterfaceOrientations_iPad = "UIInterfaceOrientationPortrait UIInterfaceOrientationPortraitUpsideDown UIInterfaceOrientationLandscapeLeft UIInterfaceOrientationLandscapeRight";
				INFOPLIST_KEY_UISupportedInterfaceOrientations_iPhone = "UIInterfaceOrientationPortrait UIInterfaceOrientationLandscapeLeft UIInterfaceOrientationLandscapeRight";
				IPHONEOS_DEPLOYMENT_TARGET = 16.0;
				LD_RUNPATH_SEARCH_PATHS = (
					"$(inherited)",
					"@executable_path/Frameworks",
				);
				MARKETING_VERSION = 1.0;
				PRODUCT_BUNDLE_IDENTIFIER = "yukun-xie.Only77App";
				PRODUCT_NAME = "$(TARGET_NAME)";
				SWIFT_EMIT_LOC_STRINGS = YES;
				SWIFT_VERSION = 5.0;
				TARGETED_DEVICE_FAMILY = "1,2";
			};
			name = Debug;
		};
		6453A4972A3C01A40064C8C3 /* Release */ = {
			isa = XCBuildConfiguration;
			buildSettings = {
				ASSETCATALOG_COMPILER_APPICON_NAME = AppIcon;
				ASSETCATALOG_COMPILER_GLOBAL_ACCENT_COLOR_NAME = AccentColor;
				CODE_SIGN_STYLE = Automatic;
				CURRENT_PROJECT_VERSION = 1;
				DEVELOPMENT_ASSET_PATHS = "\"Only77App/Preview Content\"";
				DEVELOPMENT_TEAM = DS925K5GK8;
				ENABLE_PREVIEWS = YES;
				GENERATE_INFOPLIST_FILE = YES;
				INFOPLIST_KEY_UIApplicationSceneManifest_Generation = YES;
				INFOPLIST_KEY_UIApplicationSupportsIndirectInputEvents = YES;
				INFOPLIST_KEY_UILaunchScreen_Generation = YES;
				INFOPLIST_KEY_UISupportedInterfaceOrientations_iPad = "UIInterfaceOrientationPortrait UIInterfaceOrientationPortraitUpsideDown UIInterfaceOrientationLandscapeLeft UIInterfaceOrientationLandscapeRight";
				INFOPLIST_KEY_UISupportedInterfaceOrientations_iPhone = "UIInterfaceOrientationPortrait UIInterfaceOrientationLandscapeLeft UIInterfaceOrientationLandscapeRight";
				IPHONEOS_DEPLOYMENT_TARGET = 16.0;
				LD_RUNPATH_SEARCH_PATHS = (
					"$(inherited)",
					"@executable_path/Frameworks",
				);
				MARKETING_VERSION = 1.0;
				PRODUCT_BUNDLE_IDENTIFIER = "yukun-xie.Only77App";
				PRODUCT_NAME = "$(TARGET_NAME)";
				SWIFT_EMIT_LOC_STRINGS = YES;
				SWIFT_VERSION = 5.0;
				TARGETED_DEVICE_FAMILY = "1,2";
			};
			name = Release;
		};
		6453A4992A3C01A40064C8C3 /* Debug */ = {
			isa = XCBuildConfiguration;
			buildSettings = {
				ALWAYS_EMBED_SWIFT_STANDARD_LIBRARIES = YES;
				BUNDLE_LOADER = "$(TEST_HOST)";
				CODE_SIGN_STYLE = Automatic;
				CURRENT_PROJECT_VERSION = 1;
				DEVELOPMENT_TEAM = DS925K5GK8;
				GENERATE_INFOPLIST_FILE = YES;
				IPHONEOS_DEPLOYMENT_TARGET = 16.4;
				MARKETING_VERSION = 1.0;
				PRODUCT_BUNDLE_IDENTIFIER = "yukun-xie.Only77AppTests";
				PRODUCT_NAME = "$(TARGET_NAME)";
				SWIFT_EMIT_LOC_STRINGS = NO;
				SWIFT_VERSION = 5.0;
				TARGETED_DEVICE_FAMILY = "1,2";
				TEST_HOST = "$(BUILT_PRODUCTS_DIR)/Only77App.app/$(BUNDLE_EXECUTABLE_FOLDER_PATH)/Only77App";
			};
			name = Debug;
		};
		6453A49A2A3C01A40064C8C3 /* Release */ = {
			isa = XCBuildConfiguration;
			buildSettings = {
				ALWAYS_EMBED_SWIFT_STANDARD_LIBRARIES = YES;
				BUNDLE_LOADER = "$(TEST_HOST)";
				CODE_SIGN_STYLE = Automatic;
				CURRENT_PROJECT_VERSION = 1;
				DEVELOPMENT_TEAM = DS925K5GK8;
				GENERATE_INFOPLIST_FILE = YES;
				IPHONEOS_DEPLOYMENT_TARGET = 16.4;
				MARKETING_VERSION = 1.0;
				PRODUCT_BUNDLE_IDENTIFIER = "yukun-xie.Only77AppTests";
				PRODUCT_NAME = "$(TARGET_NAME)";
				SWIFT_EMIT_LOC_STRINGS = NO;
				SWIFT_VERSION = 5.0;
				TARGETED_DEVICE_FAMILY = "1,2";
				TEST_HOST = "$(BUILT_PRODUCTS_DIR)/Only77App.app/$(BUNDLE_EXECUTABLE_FOLDER_PATH)/Only77App";
			};
			name = Release;
		};
		6453A49C2A3C01A40064C8C3 /* Debug */ = {
			isa = XCBuildConfiguration;
			buildSettings = {
				ALWAYS_EMBED_SWIFT_STANDARD_LIBRARIES = YES;
				CODE_SIGN_STYLE = Automatic;
				CURRENT_PROJECT_VERSION = 1;
				DEVELOPMENT_TEAM = DS925K5GK8;
				GENERATE_INFOPLIST_FILE = YES;
				MARKETING_VERSION = 1.0;
				PRODUCT_BUNDLE_IDENTIFIER = "yukun-xie.Only77AppUITests";
				PRODUCT_NAME = "$(TARGET_NAME)";
				SWIFT_EMIT_LOC_STRINGS = NO;
				SWIFT_VERSION = 5.0;
				TARGETED_DEVICE_FAMILY = "1,2";
				TEST_TARGET_NAME = Only77App;
			};
			name = Debug;
		};
		6453A49D2A3C01A40064C8C3 /* Release */ = {
			isa = XCBuildConfiguration;
			buildSettings = {
				ALWAYS_EMBED_SWIFT_STANDARD_LIBRARIES = YES;
				CODE_SIGN_STYLE = Automatic;
				CURRENT_PROJECT_VERSION = 1;
				DEVELOPMENT_TEAM = DS925K5GK8;
				GENERATE_INFOPLIST_FILE = YES;
				MARKETING_VERSION = 1.0;
				PRODUCT_BUNDLE_IDENTIFIER = "yukun-xie.Only77AppUITests";
				PRODUCT_NAME = "$(TARGET_NAME)";
				SWIFT_EMIT_LOC_STRINGS = NO;
				SWIFT_VERSION = 5.0;
				TARGETED_DEVICE_FAMILY = "1,2";
				TEST_TARGET_NAME = Only77App;
			};
			name = Release;
		};
/* End XCBuildConfiguration section */

/* Begin XCConfigurationList section */
		6453A46C2A3C01A30064C8C3 /* Build configuration list for PBXProject "Only77App" */ = {
			isa = XCConfigurationList;
			buildConfigurations = (
				6453A4932A3C01A40064C8C3 /* Debug */,
				6453A4942A3C01A40064C8C3 /* Release */,
			);
			defaultConfigurationIsVisible = 0;
			defaultConfigurationName = Release;
		};
		6453A4952A3C01A40064C8C3 /* Build configuration list for PBXNativeTarget "Only77App" */ = {
			isa = XCConfigurationList;
			buildConfigurations = (
				6453A4962A3C01A40064C8C3 /* Debug */,
				6453A4972A3C01A40064C8C3 /* Release */,
			);
			defaultConfigurationIsVisible = 0;
			defaultConfigurationName = Release;
		};
		6453A4982A3C01A40064C8C3 /* Build configuration list for PBXNativeTarget "Only77AppTests" */ = {
			isa = XCConfigurationList;
			buildConfigurations = (
				6453A4992A3C01A40064C8C3 /* Debug */,
				6453A49A2A3C01A40064C8C3 /* Release */,
			);
			defaultConfigurationIsVisible = 0;
			defaultConfigurationName = Release;
		};
		6453A49B2A3C01A40064C8C3 /* Build configuration list for PBXNativeTarget "Only77AppUITests" */ = {
			isa = XCConfigurationList;
			buildConfigurations = (
				6453A49C2A3C01A40064C8C3 /* Debug */,
				6453A49D2A3C01A40064C8C3 /* Release */,
			);
			defaultConfigurationIsVisible = 0;
			defaultConfigurationName = Release;
		};
/* End XCConfigurationList section */

/* Begin XCRemoteSwiftPackageReference section */
		646E6E9B2A3C32D200910C34 /* XCRemoteSwiftPackageReference "Moya" */ = {
			isa = XCRemoteSwiftPackageReference;
			repositoryURL = "https://github.com/Moya/Moya.git";
			requirement = {
				kind = upToNextMajorVersion;
				minimumVersion = 15.0.0;
			};
		};
		648C06AE2A3F401800FC6D5E /* XCRemoteSwiftPackageReference "circle-menu" */ = {
			isa = XCRemoteSwiftPackageReference;
			repositoryURL = "https://github.com/Ramotion/circle-menu.git";
			requirement = {
				kind = upToNextMajorVersion;
				minimumVersion = 4.0.0;
			};
		};
/* End XCRemoteSwiftPackageReference section */

/* Begin XCSwiftPackageProductDependency section */
		646E6E9C2A3C32D200910C34 /* Moya */ = {
			isa = XCSwiftPackageProductDependency;
			package = 646E6E9B2A3C32D200910C34 /* XCRemoteSwiftPackageReference "Moya" */;
			productName = Moya;
		};
		648C06AF2A3F401800FC6D5E /* CircleMenu */ = {
			isa = XCSwiftPackageProductDependency;
			package = 648C06AE2A3F401800FC6D5E /* XCRemoteSwiftPackageReference "circle-menu" */;
			productName = CircleMenu;
		};
/* End XCSwiftPackageProductDependency section */
	};
	rootObject = 6453A4692A3C01A30064C8C3 /* Project object */;
}
